
Microsoft Visual Studio Solution File, Format Version 12.00
# Visual Studio Version 16
VisualStudioVersion = 16.0.30907.101
MinimumVisualStudioVersion = 10.0.40219.1
Project("{9A19103F-16F7-4668-BE54-9A1E7A4F7556}") = "FinancialChat", "FinancialChat\FinancialChat.csproj", "{BA82F566-81F1-45E6-A9F5-AEC8410A4567}"
EndProject
Project("{9A19103F-16F7-4668-BE54-9A1E7A4F7556}") = "StockBot", "StockBot\StockBot.csproj", "{C9C4B944-15CD-4245-AAA6-B627AD097A04}"
EndProject
Project("{9A19103F-16F7-4668-BE54-9A1E7A4F7556}") = "StockBotTests", "StockBotTests\StockBotTests.csproj", "{B0CBFC05-5530-4FF8-B64C-540AF051E914}"
EndProject
Project("{9A19103F-16F7-4668-BE54-9A1E7A4F7556}") = "Plain.RabbitMQ", "Plain.RabbitMQ\Plain.RabbitMQ.csproj", "{06C5FE68-C95C-45A8-AE7B-92C7D03931AE}"
EndProject
Global
	GlobalSection(SolutionConfigurationPlatforms) = preSolution
		Debug|Any CPU = Debug|Any CPU
		Release|Any CPU = Release|Any CPU
	EndGlobalSection
	GlobalSection(ProjectConfigurationPlatforms) = postSolution
		{BA82F566-81F1-45E6-A9F5-AEC8410A4567}.Debug|Any CPU.ActiveCfg = Debug|Any CPU
		{BA82F566-81F1-45E6-A9F5-AEC8410A4567}.Debug|Any CPU.Build.0 = Debug|Any CPU
		{BA82F566-81F1-45E6-A9F5-AEC8410A4567}.Release|Any CPU.ActiveCfg = Release|Any CPU
		{BA82F566-81F1-45E6-A9F5-AEC8410A4567}.Release|Any CPU.Build.0 = Release|Any CPU
		{C9C4B944-15CD-4245-AAA6-B627AD097A04}.Debug|Any CPU.ActiveCfg = Debug|Any CPU
		{C9C4B944-15CD-4245-AAA6-B627AD097A04}.Debug|Any CPU.Build.0 = Debug|Any CPU
		{C9C4B944-15CD-4245-AAA6-B627AD097A04}.Release|Any CPU.ActiveCfg = Release|Any CPU
		{C9C4B944-15CD-4245-AAA6-B627AD097A04}.Release|Any CPU.Build.0 = Release|Any CPU
		{B0CBFC05-5530-4FF8-B64C-540AF051E914}.Debug|Any CPU.ActiveCfg = Debug|Any CPU
		{B0CBFC05-5530-4FF8-B64C-540AF051E914}.Debug|Any CPU.Build.0 = Debug|Any CPU
		{B0CBFC05-5530-4FF8-B64C-540AF051E914}.Release|Any CPU.ActiveCfg = Release|Any CPU
		{B0CBFC05-5530-4FF8-B64C-540AF051E914}.Release|Any CPU.Build.0 = Release|Any CPU
		{06C5FE68-C95C-45A8-AE7B-92C7D03931AE}.Debug|Any CPU.ActiveCfg = Debug|Any CPU
		{06C5FE68-C95C-45A8-AE7B-92C7D03931AE}.Debug|Any CPU.Build.0 = Debug|Any CPU
		{06C5FE68-C95C-45A8-AE7B-92C7D03931AE}.Release|Any CPU.ActiveCfg = Release|Any CPU
		{06C5FE68-C95C-45A8-AE7B-92C7D03931AE}.Release|Any CPU.Build.0 = Release|Any CPU
	EndGlobalSection
	GlobalSection(SolutionProperties) = preSolution
		HideSolutionNode = FALSE
	EndGlobalSection
	GlobalSection(ExtensibilityGlobals) = postSolution
		SolutionGuid = {D0FCCBB1-2C9A-4D80-A299-DBB8BDF205C7}
	EndGlobalSection
EndGlobal
